
Microsoft Visual Studio Solution File, Format Version 12.00
# Visual Studio 2013
VisualStudioVersion = 12.0.21005.1
MinimumVisualStudioVersion = 10.0.40219.1
Project("{FAE04EC0-301F-11D3-BF4B-00C04F79EFBC}") = "HK.Basic.Services", "HK.Basic.Services\HK.Basic.Services.csproj", "{272BD821-6800-45F4-92BD-8D7BEA29D212}"
EndProject
Project("{2150E333-8FDC-42A3-9474-1A3956D46DE8}") = ".nuget", ".nuget", "{420B18B4-C269-4584-9644-5EADDB78BED5}"
	ProjectSection(SolutionItems) = preProject
		.nuget\packages.config = .nuget\packages.config
	EndProjectSection
EndProject
Project("{FAE04EC0-301F-11D3-BF4B-00C04F79EFBC}") = "HK.Basic.XUnit.UnitTests", "HK.Basic.XUnit.UnitTests\HK.Basic.XUnit.UnitTests.csproj", "{2AB87398-DC6A-418A-9F07-283B56C76EFD}"
EndProject
Project("{FAE04EC0-301F-11D3-BF4B-00C04F79EFBC}") = "HK.Basic.MsTest.UnitTests", "HK.Basic.MsTest.UnitTests\HK.Basic.MsTest.UnitTests.csproj", "{4A878F71-A6CA-487D-8A62-C220583FA1C3}"
EndProject
Project("{2150E333-8FDC-42A3-9474-1A3956D46DE8}") = "BasicDemo", "BasicDemo", "{29A0820F-3E11-4CEB-8B22-ABA7FAB22CA7}"
EndProject
Project("{2150E333-8FDC-42A3-9474-1A3956D46DE8}") = "SelfStubDemo", "SelfStubDemo", "{6D8A0337-F050-4610-9EEF-101B8C2376F4}"
EndProject
Project("{2150E333-8FDC-42A3-9474-1A3956D46DE8}") = "SelfMockDemo", "SelfMockDemo", "{E9E5A6E1-B82B-4F31-AEB5-24240A790177}"
EndProject
Project("{2150E333-8FDC-42A3-9474-1A3956D46DE8}") = "AutoFakeDemo", "AutoFakeDemo", "{315BE198-D372-45BA-B7CE-67CA9D7A0A5E}"
EndProject
Project("{FAE04EC0-301F-11D3-BF4B-00C04F79EFBC}") = "HK.SelfMock.Service", "HK.SelfMock.Service\HK.SelfMock.Service.csproj", "{85FB0A92-DF1D-4C55-AA48-AA795051D5CF}"
EndProject
Project("{FAE04EC0-301F-11D3-BF4B-00C04F79EFBC}") = "HK.SelfMock.UnitTests", "HK.SelfMock.UnitTests\HK.SelfMock.UnitTests.csproj", "{BC30254A-DE47-47E7-9AC4-8274633EE633}"
EndProject
Project("{FAE04EC0-301F-11D3-BF4B-00C04F79EFBC}") = "HK.SelfStub.Service", "HK.SelfStub.Service\HK.SelfStub.Service.csproj", "{BA5CBC16-CF26-4E06-B31F-A30F3FADDFE6}"
EndProject
Project("{FAE04EC0-301F-11D3-BF4B-00C04F79EFBC}") = "HK.SelfStub.UnitTests", "HK.SelfStub.UnitTests\HK.SelfStub.UnitTests.csproj", "{EDC599EF-1FF0-4C3A-BAD1-1B5753C6CBE6}"
EndProject
Project("{FAE04EC0-301F-11D3-BF4B-00C04F79EFBC}") = "HK.AutoFake.Business", "HK.AutoFake.Business\HK.AutoFake.Business.csproj", "{D1B0FAB7-3478-4FBF-9D82-4ED989DDAF50}"
EndProject
Project("{FAE04EC0-301F-11D3-BF4B-00C04F79EFBC}") = "HK.AutoFake.ExternalService", "HK.AutoFake.ExternalService\HK.AutoFake.ExternalService.csproj", "{2A8C5801-02C3-41A5-9901-633EC2622DF7}"
EndProject
Project("{FAE04EC0-301F-11D3-BF4B-00C04F79EFBC}") = "HK.AutoFake.FakesUnitTests", "HK.AutoFake.FakesUnitTests\HK.AutoFake.FakesUnitTests.csproj", "{7588C535-5E54-4643-AF04-28766E506788}"
EndProject
Project("{FAE04EC0-301F-11D3-BF4B-00C04F79EFBC}") = "HK.AutoFake.MoqUnitTests", "HK.AutoFake.MoqUnitTests\HK.AutoFake.MoqUnitTests.csproj", "{95FC76C8-EB16-4E80-8761-319478BB6DEF}"
EndProject
Global
	GlobalSection(SolutionConfigurationPlatforms) = preSolution
		Debug|Any CPU = Debug|Any CPU
		Release|Any CPU = Release|Any CPU
	EndGlobalSection
	GlobalSection(ProjectConfigurationPlatforms) = postSolution
		{272BD821-6800-45F4-92BD-8D7BEA29D212}.Debug|Any CPU.ActiveCfg = Debug|Any CPU
		{272BD821-6800-45F4-92BD-8D7BEA29D212}.Debug|Any CPU.Build.0 = Debug|Any CPU
		{272BD821-6800-45F4-92BD-8D7BEA29D212}.Release|Any CPU.ActiveCfg = Release|Any CPU
		{272BD821-6800-45F4-92BD-8D7BEA29D212}.Release|Any CPU.Build.0 = Release|Any CPU
		{2AB87398-DC6A-418A-9F07-283B56C76EFD}.Debug|Any CPU.ActiveCfg = Debug|Any CPU
		{2AB87398-DC6A-418A-9F07-283B56C76EFD}.Debug|Any CPU.Build.0 = Debug|Any CPU
		{2AB87398-DC6A-418A-9F07-283B56C76EFD}.Release|Any CPU.ActiveCfg = Release|Any CPU
		{2AB87398-DC6A-418A-9F07-283B56C76EFD}.Release|Any CPU.Build.0 = Release|Any CPU
		{4A878F71-A6CA-487D-8A62-C220583FA1C3}.Debug|Any CPU.ActiveCfg = Debug|Any CPU
		{4A878F71-A6CA-487D-8A62-C220583FA1C3}.Debug|Any CPU.Build.0 = Debug|Any CPU
		{4A878F71-A6CA-487D-8A62-C220583FA1C3}.Release|Any CPU.ActiveCfg = Release|Any CPU
		{4A878F71-A6CA-487D-8A62-C220583FA1C3}.Release|Any CPU.Build.0 = Release|Any CPU
		{85FB0A92-DF1D-4C55-AA48-AA795051D5CF}.Debug|Any CPU.ActiveCfg = Debug|Any CPU
		{85FB0A92-DF1D-4C55-AA48-AA795051D5CF}.Debug|Any CPU.Build.0 = Debug|Any CPU
		{85FB0A92-DF1D-4C55-AA48-AA795051D5CF}.Release|Any CPU.ActiveCfg = Release|Any CPU
		{85FB0A92-DF1D-4C55-AA48-AA795051D5CF}.Release|Any CPU.Build.0 = Release|Any CPU
		{BC30254A-DE47-47E7-9AC4-8274633EE633}.Debug|Any CPU.ActiveCfg = Debug|Any CPU
		{BC30254A-DE47-47E7-9AC4-8274633EE633}.Debug|Any CPU.Build.0 = Debug|Any CPU
		{BC30254A-DE47-47E7-9AC4-8274633EE633}.Release|Any CPU.ActiveCfg = Release|Any CPU
		{BC30254A-DE47-47E7-9AC4-8274633EE633}.Release|Any CPU.Build.0 = Release|Any CPU
		{BA5CBC16-CF26-4E06-B31F-A30F3FADDFE6}.Debug|Any CPU.ActiveCfg = Debug|Any CPU
		{BA5CBC16-CF26-4E06-B31F-A30F3FADDFE6}.Debug|Any CPU.Build.0 = Debug|Any CPU
		{BA5CBC16-CF26-4E06-B31F-A30F3FADDFE6}.Release|Any CPU.ActiveCfg = Release|Any CPU
		{BA5CBC16-CF26-4E06-B31F-A30F3FADDFE6}.Release|Any CPU.Build.0 = Release|Any CPU
		{EDC599EF-1FF0-4C3A-BAD1-1B5753C6CBE6}.Debug|Any CPU.ActiveCfg = Debug|Any CPU
		{EDC599EF-1FF0-4C3A-BAD1-1B5753C6CBE6}.Debug|Any CPU.Build.0 = Debug|Any CPU
		{EDC599EF-1FF0-4C3A-BAD1-1B5753C6CBE6}.Release|Any CPU.ActiveCfg = Release|Any CPU
		{EDC599EF-1FF0-4C3A-BAD1-1B5753C6CBE6}.Release|Any CPU.Build.0 = Release|Any CPU
		{D1B0FAB7-3478-4FBF-9D82-4ED989DDAF50}.Debug|Any CPU.ActiveCfg = Debug|Any CPU
		{D1B0FAB7-3478-4FBF-9D82-4ED989DDAF50}.Debug|Any CPU.Build.0 = Debug|Any CPU
		{D1B0FAB7-3478-4FBF-9D82-4ED989DDAF50}.Release|Any CPU.ActiveCfg = Release|Any CPU
		{D1B0FAB7-3478-4FBF-9D82-4ED989DDAF50}.Release|Any CPU.Build.0 = Release|Any CPU
		{2A8C5801-02C3-41A5-9901-633EC2622DF7}.Debug|Any CPU.ActiveCfg = Debug|Any CPU
		{2A8C5801-02C3-41A5-9901-633EC2622DF7}.Debug|Any CPU.Build.0 = Debug|Any CPU
		{2A8C5801-02C3-41A5-9901-633EC2622DF7}.Release|Any CPU.ActiveCfg = Release|Any CPU
		{2A8C5801-02C3-41A5-9901-633EC2622DF7}.Release|Any CPU.Build.0 = Release|Any CPU
		{7588C535-5E54-4643-AF04-28766E506788}.Debug|Any CPU.ActiveCfg = Debug|Any CPU
		{7588C535-5E54-4643-AF04-28766E506788}.Debug|Any CPU.Build.0 = Debug|Any CPU
		{7588C535-5E54-4643-AF04-28766E506788}.Release|Any CPU.ActiveCfg = Release|Any CPU
		{7588C535-5E54-4643-AF04-28766E506788}.Release|Any CPU.Build.0 = Release|Any CPU
		{95FC76C8-EB16-4E80-8761-319478BB6DEF}.Debug|Any CPU.ActiveCfg = Debug|Any CPU
		{95FC76C8-EB16-4E80-8761-319478BB6DEF}.Debug|Any CPU.Build.0 = Debug|Any CPU
		{95FC76C8-EB16-4E80-8761-319478BB6DEF}.Release|Any CPU.ActiveCfg = Release|Any CPU
		{95FC76C8-EB16-4E80-8761-319478BB6DEF}.Release|Any CPU.Build.0 = Release|Any CPU
	EndGlobalSection
	GlobalSection(SolutionProperties) = preSolution
		HideSolutionNode = FALSE
	EndGlobalSection
	GlobalSection(NestedProjects) = preSolution
		{2AB87398-DC6A-418A-9F07-283B56C76EFD} = {29A0820F-3E11-4CEB-8B22-ABA7FAB22CA7}
		{4A878F71-A6CA-487D-8A62-C220583FA1C3} = {29A0820F-3E11-4CEB-8B22-ABA7FAB22CA7}
		{272BD821-6800-45F4-92BD-8D7BEA29D212} = {29A0820F-3E11-4CEB-8B22-ABA7FAB22CA7}
		{BA5CBC16-CF26-4E06-B31F-A30F3FADDFE6} = {6D8A0337-F050-4610-9EEF-101B8C2376F4}
		{EDC599EF-1FF0-4C3A-BAD1-1B5753C6CBE6} = {6D8A0337-F050-4610-9EEF-101B8C2376F4}
		{85FB0A92-DF1D-4C55-AA48-AA795051D5CF} = {E9E5A6E1-B82B-4F31-AEB5-24240A790177}
		{BC30254A-DE47-47E7-9AC4-8274633EE633} = {E9E5A6E1-B82B-4F31-AEB5-24240A790177}
		{D1B0FAB7-3478-4FBF-9D82-4ED989DDAF50} = {315BE198-D372-45BA-B7CE-67CA9D7A0A5E}
		{2A8C5801-02C3-41A5-9901-633EC2622DF7} = {315BE198-D372-45BA-B7CE-67CA9D7A0A5E}
		{7588C535-5E54-4643-AF04-28766E506788} = {315BE198-D372-45BA-B7CE-67CA9D7A0A5E}
		{95FC76C8-EB16-4E80-8761-319478BB6DEF} = {315BE198-D372-45BA-B7CE-67CA9D7A0A5E}
	EndGlobalSection
EndGlobal
